// !$*UTF8*$!
{
	archiveVersion = 1;
	classes = {
	};
	objectVersion = 77;
	objects = {

/* Begin PBXContainerItemProxy section */
		1731EF872ED5E4D600627436 /* PBXContainerItemProxy */ = {
			isa = PBXContainerItemProxy;
			containerPortal = 1731EF6A2ED5E4D200627436 /* Project object */;
			proxyType = 1;
			remoteGlobalIDString = 1731EF712ED5E4D200627436;
			remoteInfo = Moviefunday;
		};
		1731EF912ED5E4D600627436 /* PBXContainerItemProxy */ = {
			isa = PBXContainerItemProxy;
			containerPortal = 1731EF6A2ED5E4D200627436 /* Project object */;
			proxyType = 1;
			remoteGlobalIDString = 1731EF712ED5E4D200627436;
			remoteInfo = Moviefunday;
		};
/* End PBXContainerItemProxy section */

/* Begin PBXFileReference section */
		1731EF722ED5E4D200627436 /* Moviefunday.app */ = {isa = PBXFileReference; explicitFileType = wrapper.application; includeInIndex = 0; path = Moviefunday.app; sourceTree = BUILT_PRODUCTS_DIR; };
		1731EF862ED5E4D600627436 /* MoviefundayTests.xctest */ = {isa = PBXFileReference; explicitFileType = wrapper.cfbundle; includeInIndex = 0; path = MoviefundayTests.xctest; sourceTree = BUILT_PRODUCTS_DIR; };
		1731EF902ED5E4D600627436 /* MoviefundayUITests.xctest */ = {isa = PBXFileReference; explicitFileType = wrapper.cfbundle; includeInIndex = 0; path = MoviefundayUITests.xctest; sourceTree = BUILT_PRODUCTS_DIR; };
/* End PBXFileReference section */

/* Begin PBXFileSystemSynchronizedBuildFileExceptionSet section */
		1731EF982ED5E4D600627436 /* Exceptions for "Moviefunday" folder in "Moviefunday" target */ = {
			isa = PBXFileSystemSynchronizedBuildFileExceptionSet;
			membershipExceptions = (
				Info.plist,
			);
			target = 1731EF712ED5E4D200627436 /* Moviefunday */;
		};
/* End PBXFileSystemSynchronizedBuildFileExceptionSet section */

/* Begin PBXFileSystemSynchronizedRootGroup section */
		1731EF742ED5E4D200627436 /* Moviefunday */ = {
			isa = PBXFileSystemSynchronizedRootGroup;
			exceptions = (
				1731EF982ED5E4D600627436 /* Exceptions for "Moviefunday" folder in "Moviefunday" target */,
			);
			path = Moviefunday;
			sourceTree = "<group>";
		};
		1731EF892ED5E4D600627436 /* MoviefundayTests */ = {
			isa = PBXFileSystemSynchronizedRootGroup;
			path = MoviefundayTests;
			sourceTree = "<group>";
		};
		1731EF932ED5E4D600627436 /* MoviefundayUITests */ = {
			isa = PBXFileSystemSynchronizedRootGroup;
			path = MoviefundayUITests;
			sourceTree = "<group>";
		};
/* End PBXFileSystemSynchronizedRootGroup section */

/* Begin PBXFrameworksBuildPhase section */
		1731EF6F2ED5E4D200627436 /* Frameworks */ = {
			isa = PBXFrameworksBuildPhase;
			buildActionMask = 2147483647;
			files = (
			);
			runOnlyForDeploymentPostprocessing = 0;
		};
		1731EF832ED5E4D600627436 /* Frameworks */ = {
			isa = PBXFrameworksBuildPhase;
			buildActionMask = 2147483647;
			files = (
			);
			runOnlyForDeploymentPostprocessing = 0;
		};
		1731EF8D2ED5E4D600627436 /* Frameworks */ = {
			isa = PBXFrameworksBuildPhase;
			buildActionMask = 2147483647;
			files = (
			);
			runOnlyForDeploymentPostprocessing = 0;
		};
/* End PBXFrameworksBuildPhase section */

/* Begin PBXGroup section */
		1731EF692ED5E4D200627436 = {
			isa = PBXGroup;
			children = (
				1731EF742ED5E4D200627436 /* Moviefunday */,
				1731EF892ED5E4D600627436 /* MoviefundayTests */,
				1731EF932ED5E4D600627436 /* MoviefundayUITests */,
				1731EF732ED5E4D200627436 /* Products */,
			);
			sourceTree = "<group>";
		};
		1731EF732ED5E4D200627436 /* Products */ = {
			isa = PBXGroup;
			children = (
				1731EF722ED5E4D200627436 /* Moviefunday.app */,
				1731EF862ED5E4D600627436 /* MoviefundayTests.xctest */,
				1731EF902ED5E4D600627436 /* MoviefundayUITests.xctest */,
			);
			name = Products;
			sourceTree = "<group>";
		};
/* End PBXGroup section */

/* Begin PBXNativeTarget section */
		1731EF712ED5E4D200627436 /* Moviefunday */ = {
			isa = PBXNativeTarget;
			buildConfigurationList = 1731EF992ED5E4D600627436 /* Build configuration list for PBXNativeTarget "Moviefunday" */;
			buildPhases = (
				1731EF6E2ED5E4D200627436 /* Sources */,
				1731EF6F2ED5E4D200627436 /* Frameworks */,
				1731EF702ED5E4D200627436 /* Resources */,
			);
			buildRules = (
			);
			dependencies = (
			);
			fileSystemSynchronizedGroups = (
				1731EF742ED5E4D200627436 /* Moviefunday */,
			);
			name = Moviefunday;
			packageProductDependencies = (
			);
			productName = Moviefunday;
			productReference = 1731EF722ED5E4D200627436 /* Moviefunday.app */;
			productType = "com.apple.product-type.application";
		};
		1731EF852ED5E4D600627436 /* MoviefundayTests */ = {
			isa = PBXNativeTarget;
			buildConfigurationList = 1731EF9E2ED5E4D600627436 /* Build configuration list for PBXNativeTarget "MoviefundayTests" */;
			buildPhases = (
				1731EF822ED5E4D600627436 /* Sources */,
				1731EF832ED5E4D600627436 /* Frameworks */,
				1731EF842ED5E4D600627436 /* Resources */,
			);
			buildRules = (
			);
			dependencies = (
				1731EF882ED5E4D600627436 /* PBXTargetDependency */,
			);
			fileSystemSynchronizedGroups = (
				1731EF892ED5E4D600627436 /* MoviefundayTests */,
			);
			name = MoviefundayTests;
			packageProductDependencies = (
			);
			productName = MoviefundayTests;
			productReference = 1731EF862ED5E4D600627436 /* MoviefundayTests.xctest */;
			productType = "com.apple.product-type.bundle.unit-test";
		};
		1731EF8F2ED5E4D600627436 /* MoviefundayUITests */ = {
			isa = PBXNativeTarget;
			buildConfigurationList = 1731EFA12ED5E4D600627436 /* Build configuration list for PBXNativeTarget "MoviefundayUITests" */;
			buildPhases = (
				1731EF8C2ED5E4D600627436 /* Sources */,
				1731EF8D2ED5E4D600627436 /* Frameworks */,
				1731EF8E2ED5E4D600627436 /* Resources */,
			);
			buildRules = (
			);
			dependencies = (
				1731EF922ED5E4D600627436 /* PBXTargetDependency */,
			);
			fileSystemSynchronizedGroups = (
				1731EF932ED5E4D600627436 /* MoviefundayUITests */,
			);
			name = MoviefundayUITests;
			packageProductDependencies = (
			);
			productName = MoviefundayUITests;
			productReference = 1731EF902ED5E4D600627436 /* MoviefundayUITests.xctest */;
			productType = "com.apple.product-type.bundle.ui-testing";
		};
/* End PBXNativeTarget section */

/* Begin PBXProject section */
		1731EF6A2ED5E4D200627436 /* Project object */ = {
			isa = PBXProject;
			attributes = {
				BuildIndependentTargetsInParallel = 1;
				LastSwiftUpdateCheck = 2600;
				LastUpgradeCheck = 2600;
				TargetAttributes = {
					1731EF712ED5E4D200627436 = {
						CreatedOnToolsVersion = 26.0.1;
					};
					1731EF852ED5E4D600627436 = {
						CreatedOnToolsVersion = 26.0.1;
						TestTargetID = 1731EF712ED5E4D200627436;
					};
					1731EF8F2ED5E4D600627436 = {
						CreatedOnToolsVersion = 26.0.1;
						TestTargetID = 1731EF712ED5E4D200627436;
					};
				};
			};
			buildConfigurationList = 1731EF6D2ED5E4D200627436 /* Build configuration list for PBXProject "Moviefunday" */;
			developmentRegion = en;
			hasScannedForEncodings = 0;
			knownRegions = (
				en,
				Base,
			);
			mainGroup = 1731EF692ED5E4D200627436;
			minimizedProjectReferenceProxies = 1;
			preferredProjectObjectVersion = 77;
			productRefGroup = 1731EF732ED5E4D200627436 /* Products */;
			projectDirPath = "";
			projectRoot = "";
			targets = (
				1731EF712ED5E4D200627436 /* Moviefunday */,
				1731EF852ED5E4D600627436 /* MoviefundayTests */,
				1731EF8F2ED5E4D600627436 /* MoviefundayUITests */,
			);
		};
/* End PBXProject section */

/* Begin PBXResourcesBuildPhase section */
		1731EF702ED5E4D200627436 /* Resources */ = {
			isa = PBXResourcesBuildPhase;
			buildActionMask = 2147483647;
			files = (
			);
			runOnlyForDeploymentPostprocessing = 0;
		};
		1731EF842ED5E4D600627436 /* Resources */ = {
			isa = PBXResourcesBuildPhase;
			buildActionMask = 2147483647;
			files = (
			);
			runOnlyForDeploymentPostprocessing = 0;
		};
		1731EF8E2ED5E4D600627436 /* Resources */ = {
			isa = PBXResourcesBuildPhase;
			buildActionMask = 2147483647;
			files = (
			);
			runOnlyForDeploymentPostprocessing = 0;
		};
/* End PBXResourcesBuildPhase section */

/* Begin PBXSourcesBuildPhase section */
		1731EF6E2ED5E4D200627436 /* Sources */ = {
			isa = PBXSourcesBuildPhase;
			buildActionMask = 2147483647;
			files = (
			);
			runOnlyForDeploymentPostprocessing = 0;
		};
		1731EF822ED5E4D600627436 /* Sources */ = {
			isa = PBXSourcesBuildPhase;
			buildActionMask = 2147483647;
			files = (
			);
			runOnlyForDeploymentPostprocessing = 0;
		};
		1731EF8C2ED5E4D600627436 /* Sources */ = {
			isa = PBXSourcesBuildPhase;
			buildActionMask = 2147483647;
			files = (
			);
			runOnlyForDeploymentPostprocessing = 0;
		};
/* End PBXSourcesBuildPhase section */

/* Begin PBXTargetDependency section */
		1731EF882ED5E4D600627436 /* PBXTargetDependency */ = {
			isa = PBXTargetDependency;
			target = 1731EF712ED5E4D200627436 /* Moviefunday */;
			targetProxy = 1731EF872ED5E4D600627436 /* PBXContainerItemProxy */;
		};
		1731EF922ED5E4D600627436 /* PBXTargetDependency */ = {
			isa = PBXTargetDependency;
			target = 1731EF712ED5E4D200627436 /* Moviefunday */;
			targetProxy = 1731EF912ED5E4D600627436 /* PBXContainerItemProxy */;
		};
/* End PBXTargetDependency section */

/* Begin XCBuildConfiguration section */
		1731EF9A2ED5E4D600627436 /* Debug */ = {
			isa = XCBuildConfiguration;
			buildSettings = {
				ASSETCATALOG_COMPILER_APPICON_NAME = "App Icon & Top Shelf Image";
				ASSETCATALOG_COMPILER_GLOBAL_ACCENT_COLOR_NAME = AccentColor;
				CODE_SIGN_STYLE = Automatic;
				CURRENT_PROJECT_VERSION = 1;
				DEVELOPMENT_TEAM = QA5K8978D2;
				ENABLE_APP_SANDBOX = YES;
				ENABLE_PREVIEWS = YES;
				ENABLE_USER_SELECTED_FILES = readonly;
				GENERATE_INFOPLIST_FILE = YES;
				INFOPLIST_FILE = Moviefunday/Info.plist;
				INFOPLIST_KEY_UILaunchScreen_Generation = YES;
				INFOPLIST_KEY_UIUserInterfaceStyle = Automatic;
				LD_RUNPATH_SEARCH_PATHS = (
					"$(inherited)",
					"@executable_path/Frameworks",
				);
				MARKETING_VERSION = 1.0;
				PRODUCT_BUNDLE_IDENTIFIER = com.MalmiPerera.HealSpace.Moviefunday;
				PRODUCT_NAME = "$(TARGET_NAME)";
				STRING_CATALOG_GENERATE_SYMBOLS = YES;
				SWIFT_APPROACHABLE_CONCURRENCY = YES;
				SWIFT_DEFAULT_ACTOR_ISOLATION = MainActor;
				SWIFT_EMIT_LOC_STRINGS = YES;
				SWIFT_UPCOMING_FEATURE_MEMBER_IMPORT_VISIBILITY = YES;
				SWIFT_VERSION = 5.0;
				TARGETED_DEVICE_FAMILY = 3;
			};
			name = Debug;
		};
		1731EF9B2ED5E4D600627436 /* Release */ = {
			isa = XCBuildConfiguration;
			buildSettings = {
				ASSETCATALOG_COMPILER_APPICON_NAME = "App Icon & Top Shelf Image";
				ASSETCATALOG_COMPILER_GLOBAL_ACCENT_COLOR_NAME = AccentColor;
				CODE_SIGN_STYLE = Automatic;
				CURRENT_PROJECT_VERSION = 1;
				DEVELOPMENT_TEAM = QA5K8978D2;
				ENABLE_APP_SANDBOX = YES;
				ENABLE_PREVIEWS = YES;
				ENABLE_USER_SELECTED_FILES = readonly;
				GENERATE_INFOPLIST_FILE = YES;
				INFOPLIST_FILE = Moviefunday/Info.plist;
				INFOPLIST_KEY_UILaunchScreen_Generation = YES;
				INFOPLIST_KEY_UIUserInterfaceStyle = Automatic;
				LD_RUNPATH_SEARCH_PATHS = (
					"$(inherited)",
					"@executable_path/Frameworks",
				);
				MARKETING_VERSION = 1.0;
				PRODUCT_BUNDLE_IDENTIFIER = com.MalmiPerera.HealSpace.Moviefunday;
				PRODUCT_NAME = "$(TARGET_NAME)";
				STRING_CATALOG_GENERATE_SYMBOLS = YES;
				SWIFT_APPROACHABLE_CONCURRENCY = YES;
				SWIFT_DEFAULT_ACTOR_ISOLATION = MainActor;
				SWIFT_EMIT_LOC_STRINGS = YES;
				SWIFT_UPCOMING_FEATURE_MEMBER_IMPORT_VISIBILITY = YES;
				SWIFT_VERSION = 5.0;
				TARGETED_DEVICE_FAMILY = 3;
			};
			name = Release;
		};
		1731EF9C2ED5E4D600627436 /* Debug */ = {
			isa = XCBuildConfiguration;
			buildSettings = {
				ALWAYS_SEARCH_USER_PATHS = NO;
				ASSETCATALOG_COMPILER_GENERATE_SWIFT_ASSET_SYMBOL_EXTENSIONS = YES;
				CLANG_ANALYZER_NONNULL = YES;
				CLANG_ANALYZER_NUMBER_OBJECT_CONVERSION = YES_AGGRESSIVE;
				CLANG_CXX_LANGUAGE_STANDARD = "gnu++20";
				CLANG_ENABLE_MODULES = YES;
				CLANG_ENABLE_OBJC_ARC = YES;
				CLANG_ENABLE_OBJC_WEAK = YES;
				CLANG_WARN_BLOCK_CAPTURE_AUTORELEASING = YES;
				CLANG_WARN_BOOL_CONVERSION = YES;
				CLANG_WARN_COMMA = YES;
				CLANG_WARN_CONSTANT_CONVERSION = YES;
				CLANG_WARN_DEPRECATED_OBJC_IMPLEMENTATIONS = YES;
				CLANG_WARN_DIRECT_OBJC_ISA_USAGE = YES_ERROR;
				CLANG_WARN_DOCUMENTATION_COMMENTS = YES;
				CLANG_WARN_EMPTY_BODY = YES;
				CLANG_WARN_ENUM_CONVERSION = YES;
				CLANG_WARN_INFINITE_RECURSION = YES;
				CLANG_WARN_INT_CONVERSION = YES;
				CLANG_WARN_NON_LITERAL_NULL_CONVERSION = YES;
				CLANG_WARN_OBJC_IMPLICIT_RETAIN_SELF = YES;
				CLANG_WARN_OBJC_LITERAL_CONVERSION = YES;
				CLANG_WARN_OBJC_ROOT_CLASS = YES_ERROR;
				CLANG_WARN_QUOTED_INCLUDE_IN_FRAMEWORK_HEADER = YES;
				CLANG_WARN_RANGE_LOOP_ANALYSIS = YES;
				CLANG_WARN_STRICT_PROTOTYPES = YES;
				CLANG_WARN_SUSPICIOUS_MOVE = YES;
				CLANG_WARN_UNGUARDED_AVAILABILITY = YES_AGGRESSIVE;
				CLANG_WARN_UNREACHABLE_CODE = YES;
				CLANG_WARN__DUPLICATE_METHOD_MATCH = YES;
				COPY_PHASE_STRIP = NO;
				DEBUG_INFORMATION_FORMAT = dwarf;
				DEVELOPMENT_TEAM = QA5K8978D2;
				ENABLE_STRICT_OBJC_MSGSEND = YES;
				ENABLE_TESTABILITY = YES;
				ENABLE_USER_SCRIPT_SANDBOXING = YES;
				GCC_C_LANGUAGE_STANDARD = gnu17;
				GCC_DYNAMIC_NO_PIC = NO;
				GCC_NO_COMMON_BLOCKS = YES;
				GCC_OPTIMIZATION_LEVEL = 0;
				GCC_PREPROCESSOR_DEFINITIONS = (
					"DEBUG=1",
					"$(inherited)",
				);
				GCC_WARN_64_TO_32_BIT_CONVERSION = YES;
				GCC_WARN_ABOUT_RETURN_TYPE = YES_ERROR;
				GCC_WARN_UNDECLARED_SELECTOR = YES;
				GCC_WARN_UNINITIALIZED_AUTOS = YES_AGGRESSIVE;
				GCC_WARN_UNUSED_FUNCTION = YES;
				GCC_WARN_UNUSED_VARIABLE = YES;
				LOCALIZATION_PREFERS_STRING_CATALOGS = YES;
				MTL_ENABLE_DEBUG_INFO = INCLUDE_SOURCE;
				MTL_FAST_MATH = YES;
				ONLY_ACTIVE_ARCH = YES;
				SDKROOT = appletvos;
				SWIFT_ACTIVE_COMPILATION_CONDITIONS = "DEBUG $(inherited)";
				SWIFT_OPTIMIZATION_LEVEL = "-Onone";
				TVOS_DEPLOYMENT_TARGET = 26.0;
			};
			name = Debug;
		};
		1731EF9D2ED5E4D600627436 /* Release */ = {
			isa = XCBuildConfiguration;
			buildSettings = {
				ALWAYS_SEARCH_USER_PATHS = NO;
				ASSETCATALOG_COMPILER_GENERATE_SWIFT_ASSET_SYMBOL_EXTENSIONS = YES;
				CLANG_ANALYZER_NONNULL = YES;
				CLANG_ANALYZER_NUMBER_OBJECT_CONVERSION = YES_AGGRESSIVE;
				CLANG_CXX_LANGUAGE_STANDARD = "gnu++20";
				CLANG_ENABLE_MODULES = YES;
				CLANG_ENABLE_OBJC_ARC = YES;
				CLANG_ENABLE_OBJC_WEAK = YES;
				CLANG_WARN_BLOCK_CAPTURE_AUTORELEASING = YES;
				CLANG_WARN_BOOL_CONVERSION = YES;
				CLANG_WARN_COMMA = YES;
				CLANG_WARN_CONSTANT_CONVERSION = YES;
				CLANG_WARN_DEPRECATED_OBJC_IMPLEMENTATIONS = YES;
				CLANG_WARN_DIRECT_OBJC_ISA_USAGE = YES_ERROR;
				CLANG_WARN_DOCUMENTATION_COMMENTS = YES;
				CLANG_WARN_EMPTY_BODY = YES;
				CLANG_WARN_ENUM_CONVERSION = YES;
				CLANG_WARN_INFINITE_RECURSION = YES;
				CLANG_WARN_INT_CONVERSION = YES;
				CLANG_WARN_NON_LITERAL_NULL_CONVERSION = YES;
				CLANG_WARN_OBJC_IMPLICIT_RETAIN_SELF = YES;
				CLANG_WARN_OBJC_LITERAL_CONVERSION = YES;
				CLANG_WARN_OBJC_ROOT_CLASS = YES_ERROR;
				CLANG_WARN_QUOTED_INCLUDE_IN_FRAMEWORK_HEADER = YES;
				CLANG_WARN_RANGE_LOOP_ANALYSIS = YES;
				CLANG_WARN_STRICT_PROTOTYPES = YES;
				CLANG_WARN_SUSPICIOUS_MOVE = YES;
				CLANG_WARN_UNGUARDED_AVAILABILITY = YES_AGGRESSIVE;
				CLANG_WARN_UNREACHABLE_CODE = YES;
				CLANG_WARN__DUPLICATE_METHOD_MATCH = YES;
				COPY_PHASE_STRIP = NO;
				DEBUG_INFORMATION_FORMAT = "dwarf-with-dsym";
				DEVELOPMENT_TEAM = QA5K8978D2;
				ENABLE_NS_ASSERTIONS = NO;
				ENABLE_STRICT_OBJC_MSGSEND = YES;
				ENABLE_USER_SCRIPT_SANDBOXING = YES;
				GCC_C_LANGUAGE_STANDARD = gnu17;
				GCC_NO_COMMON_BLOCKS = YES;
				GCC_WARN_64_TO_32_BIT_CONVERSION = YES;
				GCC_WARN_ABOUT_RETURN_TYPE = YES_ERROR;
				GCC_WARN_UNDECLARED_SELECTOR = YES;
				GCC_WARN_UNINITIALIZED_AUTOS = YES_AGGRESSIVE;
				GCC_WARN_UNUSED_FUNCTION = YES;
				GCC_WARN_UNUSED_VARIABLE = YES;
				LOCALIZATION_PREFERS_STRING_CATALOGS = YES;
				MTL_ENABLE_DEBUG_INFO = NO;
				MTL_FAST_MATH = YES;
				SDKROOT = appletvos;
				SWIFT_COMPILATION_MODE = wholemodule;
				TVOS_DEPLOYMENT_TARGET = 26.0;
				VALIDATE_PRODUCT = YES;
			};
			name = Release;
		};
		1731EF9F2ED5E4D600627436 /* Debug */ = {
			isa = XCBuildConfiguration;
			buildSettings = {
				BUNDLE_LOADER = "$(TEST_HOST)";
				CODE_SIGN_STYLE = Automatic;
				CURRENT_PROJECT_VERSION = 1;
				DEVELOPMENT_TEAM = QA5K8978D2;
				GENERATE_INFOPLIST_FILE = YES;
				MARKETING_VERSION = 1.0;
				PRODUCT_BUNDLE_IDENTIFIER = com.MalmiPerera.HealSpace.MoviefundayTests;
				PRODUCT_NAME = "$(TARGET_NAME)";
				STRING_CATALOG_GENERATE_SYMBOLS = NO;
				SWIFT_APPROACHABLE_CONCURRENCY = YES;
				SWIFT_EMIT_LOC_STRINGS = NO;
				SWIFT_UPCOMING_FEATURE_MEMBER_IMPORT_VISIBILITY = YES;
				SWIFT_VERSION = 5.0;
				TARGETED_DEVICE_FAMILY = 3;
				TEST_HOST = "$(BUILT_PRODUCTS_DIR)/Moviefunday.app/$(BUNDLE_EXECUTABLE_FOLDER_PATH)/Moviefunday";
				TVOS_DEPLOYMENT_TARGET = 26.0;
			};
			name = Debug;
		};
		1731EFA02ED5E4D600627436 /* Release */ = {
			isa = XCBuildConfiguration;
			buildSettings = {
				BUNDLE_LOADER = "$(TEST_HOST)";
				CODE_SIGN_STYLE = Automatic;
				CURRENT_PROJECT_VERSION = 1;
				DEVELOPMENT_TEAM = QA5K8978D2;
				GENERATE_INFOPLIST_FILE = YES;
				MARKETING_VERSION = 1.0;
				PRODUCT_BUNDLE_IDENTIFIER = com.MalmiPerera.HealSpace.MoviefundayTests;
				PRODUCT_NAME = "$(TARGET_NAME)";
				STRING_CATALOG_GENERATE_SYMBOLS = NO;
				SWIFT_APPROACHABLE_CONCURRENCY = YES;
				SWIFT_EMIT_LOC_STRINGS = NO;
				SWIFT_UPCOMING_FEATURE_MEMBER_IMPORT_VISIBILITY = YES;
				SWIFT_VERSION = 5.0;
				TARGETED_DEVICE_FAMILY = 3;
				TEST_HOST = "$(BUILT_PRODUCTS_DIR)/Moviefunday.app/$(BUNDLE_EXECUTABLE_FOLDER_PATH)/Moviefunday";
				TVOS_DEPLOYMENT_TARGET = 26.0;
			};
			name = Release;
		};
		1731EFA22ED5E4D600627436 /* Debug */ = {
			isa = XCBuildConfiguration;
			buildSettings = {
				CODE_SIGN_STYLE = Automatic;
				CURRENT_PROJECT_VERSION = 1;
				DEVELOPMENT_TEAM = QA5K8978D2;
				GENERATE_INFOPLIST_FILE = YES;
				MARKETING_VERSION = 1.0;
				PRODUCT_BUNDLE_IDENTIFIER = com.MalmiPerera.HealSpace.MoviefundayUITests;
				PRODUCT_NAME = "$(TARGET_NAME)";
				STRING_CATALOG_GENERATE_SYMBOLS = NO;
				SWIFT_APPROACHABLE_CONCURRENCY = YES;
				SWIFT_EMIT_LOC_STRINGS = NO;
				SWIFT_UPCOMING_FEATURE_MEMBER_IMPORT_VISIBILITY = YES;
				SWIFT_VERSION = 5.0;
				TARGETED_DEVICE_FAMILY = 3;
				TEST_TARGET_NAME = Moviefunday;
			};
			name = Debug;
		};
		1731EFA32ED5E4D600627436 /* Release */ = {
			isa = XCBuildConfiguration;
			buildSettings = {
				CODE_SIGN_STYLE = Automatic;
				CURRENT_PROJECT_VERSION = 1;
				DEVELOPMENT_TEAM = QA5K8978D2;
				GENERATE_INFOPLIST_FILE = YES;
				MARKETING_VERSION = 1.0;
				PRODUCT_BUNDLE_IDENTIFIER = com.MalmiPerera.HealSpace.MoviefundayUITests;
				PRODUCT_NAME = "$(TARGET_NAME)";
				STRING_CATALOG_GENERATE_SYMBOLS = NO;
				SWIFT_APPROACHABLE_CONCURRENCY = YES;
				SWIFT_EMIT_LOC_STRINGS = NO;
				SWIFT_UPCOMING_FEATURE_MEMBER_IMPORT_VISIBILITY = YES;
				SWIFT_VERSION = 5.0;
				TARGETED_DEVICE_FAMILY = 3;
				TEST_TARGET_NAME = Moviefunday;
			};
			name = Release;
		};
/* End XCBuildConfiguration section */

/* Begin XCConfigurationList section */
		1731EF6D2ED5E4D200627436 /* Build configuration list for PBXProject "Moviefunday" */ = {
			isa = XCConfigurationList;
			buildConfigurations = (
				1731EF9C2ED5E4D600627436 /* Debug */,
				1731EF9D2ED5E4D600627436 /* Release */,
			);
			defaultConfigurationIsVisible = 0;
			defaultConfigurationName = Release;
		};
		1731EF992ED5E4D600627436 /* Build configuration list for PBXNativeTarget "Moviefunday" */ = {
			isa = XCConfigurationList;
			buildConfigurations = (
				1731EF9A2ED5E4D600627436 /* Debug */,
				1731EF9B2ED5E4D600627436 /* Release */,
			);
			defaultConfigurationIsVisible = 0;
			defaultConfigurationName = Release;
		};
		1731EF9E2ED5E4D600627436 /* Build configuration list for PBXNativeTarget "MoviefundayTests" */ = {
			isa = XCConfigurationList;
			buildConfigurations = (
				1731EF9F2ED5E4D600627436 /* Debug */,
				1731EFA02ED5E4D600627436 /* Release */,
			);
			defaultConfigurationIsVisible = 0;
			defaultConfigurationName = Release;
		};
		1731EFA12ED5E4D600627436 /* Build configuration list for PBXNativeTarget "MoviefundayUITests" */ = {
			isa = XCConfigurationList;
			buildConfigurations = (
				1731EFA22ED5E4D600627436 /* Debug */,
				1731EFA32ED5E4D600627436 /* Release */,
			);
			defaultConfigurationIsVisible = 0;
			defaultConfigurationName = Release;
		};
/* End XCConfigurationList section */
	};
	rootObject = 1731EF6A2ED5E4D200627436 /* Project object */;
}
